
Microsoft Visual Studio Solution File, Format Version 12.00
# Visual Studio Version 16
VisualStudioVersion = 16.0.30907.101
MinimumVisualStudioVersion = 10.0.40219.1
Project("{FAE04EC0-301F-11D3-BF4B-00C04F79EFBC}") = "DreamBlog", "DreamBlog\DreamBlog.csproj", "{7BD5BF84-F669-440F-A663-0DB9E7357DA8}"
EndProject
Project("{FAE04EC0-301F-11D3-BF4B-00C04F79EFBC}") = "DreamBlog.Data", "DreamBlog.Data\DreamBlog.Data.csproj", "{50131640-E3D6-4429-8BBD-07FE739563C2}"
EndProject
Project("{FAE04EC0-301F-11D3-BF4B-00C04F79EFBC}") = "DreamBlog.Service", "DreamBlog.Service\DreamBlog.Service.csproj", "{100AA2B6-FF33-47F8-B945-B6BC633827EC}"
EndProject
Global
	GlobalSection(SolutionConfigurationPlatforms) = preSolution
		Debug|Any CPU = Debug|Any CPU
		Release|Any CPU = Release|Any CPU
	EndGlobalSection
	GlobalSection(ProjectConfigurationPlatforms) = postSolution
		{7BD5BF84-F669-440F-A663-0DB9E7357DA8}.Debug|Any CPU.ActiveCfg = Debug|Any CPU
		{7BD5BF84-F669-440F-A663-0DB9E7357DA8}.Debug|Any CPU.Build.0 = Debug|Any CPU
		{7BD5BF84-F669-440F-A663-0DB9E7357DA8}.Release|Any CPU.ActiveCfg = Release|Any CPU
		{7BD5BF84-F669-440F-A663-0DB9E7357DA8}.Release|Any CPU.Build.0 = Release|Any CPU
		{50131640-E3D6-4429-8BBD-07FE739563C2}.Debug|Any CPU.ActiveCfg = Debug|Any CPU
		{50131640-E3D6-4429-8BBD-07FE739563C2}.Debug|Any CPU.Build.0 = Debug|Any CPU
		{50131640-E3D6-4429-8BBD-07FE739563C2}.Release|Any CPU.ActiveCfg = Release|Any CPU
		{50131640-E3D6-4429-8BBD-07FE739563C2}.Release|Any CPU.Build.0 = Release|Any CPU
		{100AA2B6-FF33-47F8-B945-B6BC633827EC}.Debug|Any CPU.ActiveCfg = Debug|Any CPU
		{100AA2B6-FF33-47F8-B945-B6BC633827EC}.Debug|Any CPU.Build.0 = Debug|Any CPU
		{100AA2B6-FF33-47F8-B945-B6BC633827EC}.Release|Any CPU.ActiveCfg = Release|Any CPU
		{100AA2B6-FF33-47F8-B945-B6BC633827EC}.Release|Any CPU.Build.0 = Release|Any CPU
	EndGlobalSection
	GlobalSection(SolutionProperties) = preSolution
		HideSolutionNode = FALSE
	EndGlobalSection
	GlobalSection(ExtensibilityGlobals) = postSolution
		SolutionGuid = {CC93B39E-ACB0-46DB-A2BB-E29DFF0F5EF6}
	EndGlobalSection
EndGlobal
